
Microsoft Visual Studio Solution File, Format Version 12.00
# Visual Studio Version 16
VisualStudioVersion = 16.0.30517.126
MinimumVisualStudioVersion = 10.0.40219.1
Project("{FAE04EC0-301F-11D3-BF4B-00C04F79EFBC}") = "AimBot", "AimBot.csproj", "{464C909F-CADC-472F-A5F3-28462CB44F00}"
EndProject
Global
	GlobalSection(SolutionConfigurationPlatforms) = preSolution
		Debug|Any CPU = Debug|Any CPU
		Release|Any CPU = Release|Any CPU
	EndGlobalSection
	GlobalSection(ProjectConfigurationPlatforms) = postSolution
		{464C909F-CADC-472F-A5F3-28462CB44F00}.Debug|Any CPU.ActiveCfg = Debug|Any CPU
		{464C909F-CADC-472F-A5F3-28462CB44F00}.Debug|Any CPU.Build.0 = Debug|Any CPU
		{464C909F-CADC-472F-A5F3-28462CB44F00}.Release|Any CPU.ActiveCfg = Release|Any CPU
		{464C909F-CADC-472F-A5F3-28462CB44F00}.Release|Any CPU.Build.0 = Release|Any CPU
	EndGlobalSection
	GlobalSection(SolutionProperties) = preSolution
		HideSolutionNode = FALSE
	EndGlobalSection
	GlobalSection(ExtensibilityGlobals) = postSolution
		SolutionGuid = {4E5D822C-B860-414C-84A6-8EB562572CE3}
	EndGlobalSection
EndGlobal
